{
  "version": 1,
  "dependencies": {
    ".NETFramework,Version=v4.7.2": {
      "DirectShowLib": {
        "type": "Direct",
        "requested": "[1.0.0, )",
        "resolved": "1.0.0",
        "contentHash": "oWwOk9Lj8JIMWPsfx8bUbJ/uWhHlRKpMaU5oVf8Kl9SLMhmrnr0kXg0ebDv3oOmKxZ/D1yrmw+x7UGmgMqUxFA=="
      },
      "MediaFoundation": {
        "type": "Direct",
        "requested": "[3.1.0, )",
        "resolved": "3.1.0",
        "contentHash": "KVA1Z86zJTf6QhgY9n6kqoexujKgJGzA5d4oa52Djg3nsY0sg3A/urtujAz8716rm3p/pM4ld+jO8Ug1Hwa9Pw=="
      },
      "Microsoft.NETFramework.ReferenceAssemblies": {
        "type": "Direct",
        "requested": "[1.0.3, )",
        "resolved": "1.0.3",
        "contentHash": "vUc9Npcs14QsyOD01tnv/m8sQUnGTGOw1BCmKcv77LBJY7OxhJ+zJF7UD/sCL3lYNFuqmQEVlkfS4Quif6FyYg==",
        "dependencies": {
          "Microsoft.NETFramework.ReferenceAssemblies.net472": "1.0.3"
        }
      },
      "Ookii.Dialogs.WindowsForms": {
        "type": "Direct",
        "requested": "[1.0.0, )",
        "resolved": "1.0.0",
        "contentHash": "DleaUIes69rdoG1FNkJdV2eNWY+6SaUYXrkgU/BvwvllE9rSpnapV9lVrfPc81ZKgSvyhqn7iMOwHvKTFz2t/g=="
      },
      "SharpDX.Direct2D1": {
        "type": "Direct",
        "requested": "[4.2.0, )",
        "resolved": "4.2.0",
        "contentHash": "Qs8LzDMaQf1u3KB8ArHu9pDv6itZ++QXs99a/bVAG+nKr0Hx5NG4mcN5vsfE0mVR2TkeHfeUm4PksRah6VUPtA==",
        "dependencies": {
          "SharpDX": "4.2.0",
          "SharpDX.DXGI": "4.2.0"
        }
      },
      "SharpDX.Direct3D11": {
        "type": "Direct",
        "requested": "[4.2.0, )",
        "resolved": "4.2.0",
        "contentHash": "oTm/iT5X/IIuJ8kNYP+DTC/MhBhqtRF5dbgPPFgLBdQv0BKzNTzXQQXd7SveBFjQg6hXEAJ2jGCAzNYvGFc9LA==",
        "dependencies": {
          "SharpDX": "4.2.0",
          "SharpDX.DXGI": "4.2.0"
        }
      },
      "SharpDX.Direct3D9": {
        "type": "Direct",
        "requested": "[4.2.0, )",
        "resolved": "4.2.0",
        "contentHash": "1KgqXvPj/j5hLYxfcOQoJdHskamu7EWg60n9LBAYhun7dR+sKS0ZDNb7NuKwFP1bM0HZqvokjXQIf3oA2NpdqA==",
        "dependencies": {
          "SharpDX": "4.2.0"
        }
      },
      "SharpDX.MediaFoundation": {
        "type": "Direct",
        "requested": "[4.2.0, )",
        "resolved": "4.2.0",
        "contentHash": "HRf6EU+LyqZN7pETlVhxKkpz2E2p9oGPgFcCZ0t7+S6gnrE9qw49Po69t2YeWo6/MT3APh2Fja7hLNB6Yq36cg==",
        "dependencies": {
          "SharpDX": "4.2.0",
          "SharpDX.DXGI": "4.2.0",
          "SharpDX.Direct3D9": "4.2.0",
          "SharpDX.Mathematics": "4.2.0"
        }
      },
      "Microsoft.NETFramework.ReferenceAssemblies.net472": {
        "type": "Transitive",
        "resolved": "1.0.3",
        "contentHash": "0E7evZXHXaDYYiLRfpyXvCh+yzM2rNTyuZDI+ZO7UUqSc6GfjePiXTdqJGtgIKUwdI81tzQKmaWprnUiPj9hAw=="
      },
      "Ninject": {
        "type": "Transitive",
        "resolved": "3.3.4",
        "contentHash": "CmbWW97FfJuh4LEOVZM/spqXl4KAulRUjqeMwRd5J9rDMQArmIYaDMU3pyzXXHT062tbF0OPIMwI7tSOtprPfg=="
      },
      "SharpDX": {
        "type": "Transitive",
        "resolved": "4.2.0",
        "contentHash": "3pv0LFMvfK/dv1qISJnn8xBeeT6R/FRvr0EV4KI2DGsL84Qlv6P7isWqxGyU0LCwlSVCJN3jgHJ4Bl0KI2PJww=="
      },
      "SharpDX.DXGI": {
        "type": "Transitive",
        "resolved": "4.2.0",
        "contentHash": "UjKqkgWc8U+SP+j3LBzFP6OB6Ntapjih7Xo+g1rLcsGbIb5KwewBrBChaUu7sil8rWoeVU/k0EJd3SMN4VqNZw==",
        "dependencies": {
          "SharpDX": "4.2.0"
        }
      },
      "SharpDX.Mathematics": {
        "type": "Transitive",
        "resolved": "4.2.0",
        "contentHash": "R2pcKLgdsP9p5WyTjHmGOZ0ka0zASAZYc6P4L6rSvjYhf6klGYbent7MiVwbkwkt9dD44p5brjy5IwAnVONWGw==",
        "dependencies": {
          "SharpDX": "4.2.0"
        }
      },
      "System.Drawing.Common": {
        "type": "Transitive",
        "resolved": "4.5.0",
        "contentHash": "AiJFxxVPdeITstiRS5aAu8+8Dpf5NawTMoapZ53Gfirml24p7HIfhjmCRxdXnmmf3IUA3AX3CcW7G73CjWxW/Q=="
      },
      "captura.audio": {
        "type": "Project"
      },
      "captura.base": {
        "type": "Project",
        "dependencies": {
          "Captura.Audio": "[1.0.0, )",
          "Ninject": "[3.3.4, )",
          "System.Drawing.Common": "[4.5.0, )"
        }
      }
    }
  }
}