{
  "version": 1,
  "dependencies": {
    ".NETFramework,Version=v4.7.2": {
      "Microsoft.NETFramework.ReferenceAssemblies": {
        "type": "Direct",
        "requested": "[1.0.3, )",
        "resolved": "1.0.3",
        "contentHash": "vUc9Npcs14QsyOD01tnv/m8sQUnGTGOw1BCmKcv77LBJY7OxhJ+zJF7UD/sCL3lYNFuqmQEVlkfS4Quif6FyYg==",
        "dependencies": {
          "Microsoft.NETFramework.ReferenceAssemblies.net472": "1.0.3"
        }
      },
      "Newtonsoft.Json": {
        "type": "Direct",
        "requested": "[11.0.2, )",
        "resolved": "11.0.2",
        "contentHash": "IvJe1pj7JHEsP8B8J8DwlMEx8UInrs/x+9oVY+oCD13jpLu4JbJU2WCIsMRn5C4yW9+DgkaO8uiVE5VHKjpmdQ=="
      },
      "Microsoft.NETFramework.ReferenceAssemblies.net472": {
        "type": "Transitive",
        "resolved": "1.0.3",
        "contentHash": "0E7evZXHXaDYYiLRfpyXvCh+yzM2rNTyuZDI+ZO7UUqSc6GfjePiXTdqJGtgIKUwdI81tzQKmaWprnUiPj9hAw=="
      },
      "Ninject": {
        "type": "Transitive",
        "resolved": "3.3.4",
        "contentHash": "CmbWW97FfJuh4LEOVZM/spqXl4KAulRUjqeMwRd5J9rDMQArmIYaDMU3pyzXXHT062tbF0OPIMwI7tSOtprPfg=="
      },
      "System.Drawing.Common": {
        "type": "Transitive",
        "resolved": "4.5.0",
        "contentHash": "AiJFxxVPdeITstiRS5aAu8+8Dpf5NawTMoapZ53Gfirml24p7HIfhjmCRxdXnmmf3IUA3AX3CcW7G73CjWxW/Q=="
      },
      "captura.audio": {
        "type": "Project"
      },
      "captura.base": {
        "type": "Project",
        "dependencies": {
          "Captura.Audio": "[1.0.0, )",
          "Ninject": "[3.3.4, )",
          "System.Drawing.Common": "[4.5.0, )"
        }
      },
      "captura.loc": {
        "type": "Project",
        "dependencies": {
          "Captura.Base": "[1.0.0, )",
          "Newtonsoft.Json": "[11.0.2, )"
        }
      }
    }
  }
}